{
    "name": "zetsubo-md",
    "version": "1.0.0",
    "lockfileVersion": 3,
    "requires": true,
    "packages": {
        "": {
            "name": "zetsubo-md",
            "version": "1.0.0",
            "license": "MIT",
            "dependencies": {
                "@adiwajshing/keyed-db": "^0.2.4",
                "@bochilteam/scraper": "^4.2.4",
                "@colors/colors": "^1.5.0",
                "@hapi/boom": "^10.0.0",
                "@whiskeysockets/baileys": "latest",
                "api-dylux": "latest",
                "argparse": "latest",
                "awesome-phonenumber": "^2.70.0",
                "axios": "^1.1.3",
                "cfonts": "^2.9.1",
                "chalk": "^4.1.2",
                "cheerio": "^1.0.0-rc.10",
                "clui": "^0.3.6",
                "cookie": "latest",
                "crypto": "^1.0.1",
                "fake-useragent": "latest",
                "figlet": "latest",
                "file-type": "^16.5.3",
                "fluent-ffmpeg": "^2.1.2",
                "form-data": "latest",
                "g-i-s": "^2.1.6",
                "google-it": "^1.6.2",
                "got": "^11.8.3",
                "gradient-string": "latest",
                "https": "latest",
                "human-readable": "^0.2.1",
                "jimp": "^0.16.1",
                "jsdom": "^16.4.0",
                "lowdb": "^2.1.0",
                "mathjs": "^9.4.4",
                "moment-timezone": "^0.5.34",
                "mongoose": "^7.4.5",
                "ms": "latest",
                "node-fetch": "^2.6.1",
                "node-webpmux": "^3.1.0",
                "object-query-string": "latest",
                "os": "latest",
                "parse-ms": "^2.1.0",
                "path": "^0.12.7",
                "performance-now": "^2.1.0",
                "pino": "^7.0.5",
                "qrcode": "^1.5.1",
                "qrcode-terminal": "^0.12.0",
                "remove.bg": "^1.3.0",
                "request": "^2.88.2",
                "rimraf": "^3.0.2",
                "scrape-primbon": "^1.1.0",
                "syn": "latest",
                "url": "latest",
                "user-agents": "latest",
                "util": "^0.12.4",
                "yargs": "latest",
                "youtube-yts": "latest",
                "ytdl-core": "^4.11.0"
            }
        },
        "node_modules/@adiwajshing/keyed-db": {
            "version": "0.2.4",
            "resolved": "https://registry.npmjs.org/@adiwajshing/keyed-db/-/keyed-db-0.2.4.tgz",
            "integrity": "sha512-yprSnAtj80/VKuDqRcFFLDYltoNV8tChNwFfIgcf6PGD4sjzWIBgs08pRuTqGH5mk5wgL6PBRSsMCZqtZwzFEw==",
            "license": "MIT"
        },
        "node_modules/@babel/runtime": {
            "version": "7.24.7",
            "resolved": "https://registry.npmjs.org/@babel/runtime/-/runtime-7.24.7.tgz",
            "integrity": "sha512-UwgBRMjJP+xv857DCngvqXI3Iq6J4v0wXmwc6sapg+zyhbwmQX67LUEFrkK5tbyJ30jGuG3ZvWpBiB9LCy1kWw==",
            "license": "MIT",
            "dependencies": {
                "regenerator-runtime": "^0.14.0"
            },
            "engines": {
                "node": ">=6.9.0"
            }
        },
        "node_modules/@babel/runtime/node_modules/regenerator-runtime": {
            "version": "0.14.1",
            "resolved": "https://registry.npmjs.org/regenerator-runtime/-/regenerator-runtime-0.14.1.tgz",
            "integrity": "sha512-dYnhHh0nJoMfnkZs6GmmhFknAGRrLznOu5nc9ML+EJxGvrx6H7teuevqVqCuPcPK//3eDrrjQhehXVx9cnkGdw==",
            "license": "MIT"
        },
        "node_modules/@bochilteam/scraper": {
            "version": "4.2.4",
            "resolved": "https://registry.npmjs.org/@bochilteam/scraper/-/scraper-4.2.4.tgz",
            "integrity": "sha512-thV7JBQ/fK1aCLdpOSYYg9q379x0t29qs7b03YPQysk7KanNhNEzJMkOxSlH+lV1r9l7Wu4Z57H4oh5ij1GFdw==",
            "license": "GPL-3.0-or-later",
            "dependencies": {
                "@bochilteam/scraper-bmkg": "^1.0.2",
                "@bochilteam/scraper-downloader": "^1.0.2",
                "@bochilteam/scraper-games": "^1.0.2",
                "@bochilteam/scraper-images": "^1.0.2",
                "@bochilteam/scraper-news": "^1.0.2",
                "@bochilteam/scraper-others": "^1.0.2",
                "@bochilteam/scraper-primbon": "^1.0.2",
                "@bochilteam/scraper-religions": "^1.0.2",
                "@bochilteam/scraper-sosmed": "^1.0.5",
                "@bochilteam/scraper-texts": "^1.0.2"
            }
        },
        "node_modules/@bochilteam/scraper-bmkg": {
            "version": "1.0.2",
            "resolved": "https://registry.npmjs.org/@bochilteam/scraper-bmkg/-/scraper-bmkg-1.0.2.tgz",
            "integrity": "sha512-Wqm11fBYiAZCzxQtqOl2KONTeQkd16rOEu5wMH1ZNzc7k2511pAs93yM2u5mmN25A09vY/9m0BgM8Hot7onGWg==",
            "license": "GPL-3.0-or-later",
            "dependencies": {
                "cheerio": "^1.0.0-rc.12",
                "got": "^11.8.6",
                "zod": "^3.20.2"
            }
        },
        "node_modules/@bochilteam/scraper-downloader": {
            "version": "1.0.2",
            "resolved": "https://registry.npmjs.org/@bochilteam/scraper-downloader/-/scraper-downloader-1.0.2.tgz",
            "integrity": "sha512-VskQCyG5sqRwuS26zn9CMp8FibIHATPesN8PIbdFi/4epVvE003IcnRwjo8Cz26DxcfCwvUOdNaPQWoclyEwNQ==",
            "license": "GPL-3.0-or-later",
            "dependencies": {
                "got": "^11.8.6",
                "zod": "^3.20.2"
            }
        },
        "node_modules/@bochilteam/scraper-games": {
            "version": "1.0.2",
            "resolved": "https://registry.npmjs.org/@bochilteam/scraper-games/-/scraper-games-1.0.2.tgz",
            "integrity": "sha512-TO6EUQEn+oMTCPU8i+PPhhKXgcwahBpKf0pHV9WVYECOj252vhp0kNwEVrFhvd35r6JeEwWb4Mlkv+p1CmL1iQ==",
            "license": "GPL-3.0-or-later",
            "dependencies": {
                "got": "^11.8.6",
                "zod": "^3.20.2"
            }
        },
        "node_modules/@bochilteam/scraper-images": {
            "version": "1.0.2",
            "resolved": "https://registry.npmjs.org/@bochilteam/scraper-images/-/scraper-images-1.0.2.tgz",
            "integrity": "sha512-WJD9ZA6fFxj9OlMGtnY583VF8nYx0GUDWMOvIRT4FDz/+jKdL2INzeFuUfdR4hyt8rihmlIsT8lzM/PBSAZJ1w==",
            "license": "GPL-3.0-or-later",
            "dependencies": {
                "cheerio": "^1.0.0-rc.12",
                "got": "^11.8.6",
                "zod": "^3.20.2"
            }
        },
        "node_modules/@bochilteam/scraper-news": {
            "version": "1.0.2",
            "resolved": "https://registry.npmjs.org/@bochilteam/scraper-news/-/scraper-news-1.0.2.tgz",
            "integrity": "sha512-1vmbrcUfJvSnfq+R7A4RbcusfdQkHdBLZYjtQG12T/RLiAmwdAmKQje3fXAHnh6POxGTjS9RrZWIDJ3Umb+gAQ==",
            "license": "GPL-3.0-or-later",
            "dependencies": {
                "cheerio": "^1.0.0-rc.12",
                "got": "^11.8.6",
                "zod": "^3.20.2"
            }
        },
        "node_modules/@bochilteam/scraper-others": {
            "version": "1.0.2",
            "resolved": "https://registry.npmjs.org/@bochilteam/scraper-others/-/scraper-others-1.0.2.tgz",
            "integrity": "sha512-skWayp4wOFRrA8IrrW0ktYtlhF0yXSP/X9bYOkMGC35ilC0wlcrcsjfihDRjqXoiYymrPt3A4mptWGXCtajqGg==",
            "license": "GPL-3.0-or-later",
            "dependencies": {
                "cheerio": "^1.0.0-rc.12",
                "got": "^11.8.6",
                "zod": "^3.20.2"
            }
        },
        "node_modules/@bochilteam/scraper-primbon": {
            "version": "1.0.2",
            "resolved": "https://registry.npmjs.org/@bochilteam/scraper-primbon/-/scraper-primbon-1.0.2.tgz",
            "integrity": "sha512-xEMp0w/2VFJhDDWmUa0VcxAoRXWPp0N6TFiaJQ5l2p642AmxUs3gyQTTLBEx0dbAvCNuGPdrTAUs1uFDbqBZIg==",
            "license": "GPL-3.0-or-later",
            "dependencies": {
                "cheerio": "^1.0.0-rc.12",
                "got": "^11.8.6",
                "zod": "^3.20.2"
            }
        },
        "node_modules/@bochilteam/scraper-religions": {
            "version": "1.0.2",
            "resolved": "https://registry.npmjs.org/@bochilteam/scraper-religions/-/scraper-religions-1.0.2.tgz",
            "integrity": "sha512-SVBEafuqavxsPOrwFCQcYAGO6GX9Ou486vLmaoX+toyRJ3dCmdc9o7hwprRxI0uGKXfNPmBmq9tC+qS6RjSZjg==",
            "license": "GPL-3.0-or-later",
            "dependencies": {
                "cheerio": "^1.0.0-rc.12",
                "got": "^11.8.6",
                "similarity": "^1.2.1",
                "zod": "^3.20.2"
            }
        },
        "node_modules/@bochilteam/scraper-sosmed": {
            "version": "1.0.5",
            "resolved": "https://registry.npmjs.org/@bochilteam/scraper-sosmed/-/scraper-sosmed-1.0.5.tgz",
            "integrity": "sha512-nFWB8XeY3IzdmRU0l+bIwTKZkOB/TBodowqa9C7HjT/GkEo3Tj9nVEUi5COy9gtl1ZtM1PjbIs8jvZX8nxpcvQ==",
            "license": "GPL-3.0-or-later",
            "dependencies": {
                "form-data": "^4.0.0",
                "got": "^11.8.6",
                "human-readable": "^0.2.1",
                "zod": "^3.20.2"
            },
            "peerDependencies": {
                "ws": "^8.13.0"
            }
        },
        "node_modules/@bochilteam/scraper-texts": {
            "version": "1.0.2",
            "resolved": "https://registry.npmjs.org/@bochilteam/scraper-texts/-/scraper-texts-1.0.2.tgz",
            "integrity": "sha512-FRtQlZoOZQv4u5zc4J1w+wnaHLcRnWppQ0zSHvxqqHPSOzH/2M/rt1mfobAMdYGqlV6+ZWjDJrZLeKmM4Kl7XA==",
            "license": "GPL-3.0-or-later",
            "dependencies": {
                "cheerio": "^1.0.0-rc.12",
                "form-data": "^4.0.0",
                "got": "^11.8.6",
                "zod": "^3.20.2"
            }
        },
        "node_modules/@colors/colors": {
            "version": "1.6.0",
            "resolved": "https://registry.npmjs.org/@colors/colors/-/colors-1.6.0.tgz",
            "integrity": "sha512-Ir+AOibqzrIsL6ajt3Rz3LskB7OiMVHqltZmspbW/TJuTVuyOMirVqAkjfY6JISiLHgyNqicAC8AyHHGzNd/dA==",
            "license": "MIT",
            "engines": {
                "node": ">=0.1.90"
            }
        },
        "node_modules/@eshaz/web-worker": {
            "version": "1.2.2",
            "resolved": "https://registry.npmjs.org/@eshaz/web-worker/-/web-worker-1.2.2.tgz",
            "integrity": "sha512-WxXiHFmD9u/owrzempiDlBB1ZYqiLnm9s6aPc8AlFQalq2tKmqdmMr9GXOupDgzXtqnBipj8Un0gkIm7Sjf8mw==",
            "license": "Apache-2.0"
        },
        "node_modules/@hapi/boom": {
            "version": "10.0.1",
            "resolved": "https://registry.npmjs.org/@hapi/boom/-/boom-10.0.1.tgz",
            "integrity": "sha512-ERcCZaEjdH3OgSJlyjVk8pHIFeus91CjKP3v+MpgBNp5IvGzP2l/bRiD78nqYcKPaZdbKkK5vDBVPd2ohHBlsA==",
            "license": "BSD-3-Clause",
            "dependencies": {
                "@hapi/hoek": "^11.0.2"
            }
        },
        "node_modules/@hapi/hoek": {
            "version": "11.0.4",
            "resolved": "https://registry.npmjs.org/@hapi/hoek/-/hoek-11.0.4.tgz",
            "integrity": "sha512-PnsP5d4q7289pS2T2EgGz147BFJ2Jpb4yrEdkpz2IhgEUzos1S7HTl7ezWh1yfYzYlj89KzLdCRkqsP6SIryeQ==",
            "license": "BSD-3-Clause"
        },
        "node_modules/@jimp/bmp": {
            "version": "0.16.13",
            "resolved": "https://registry.npmjs.org/@jimp/bmp/-/bmp-0.16.13.tgz",
            "integrity": "sha512-9edAxu7N2FX7vzkdl5Jo1BbACfycUtBQX+XBMcHA2bk62P8R0otgkHg798frgAk/WxQIzwxqOH6wMiCwrlAzdQ==",
            "license": "MIT",
            "dependencies": {
                "@babel/runtime": "^7.7.2",
                "@jimp/utils": "^0.16.13",
                "bmp-js": "^0.1.0"
            },
            "peerDependencies": {
                "@jimp/custom": ">=0.3.5"
            }
        },
        "node_modules/@jimp/core": {
            "version": "0.16.13",
            "resolved": "https://registry.npmjs.org/@jimp/core/-/core-0.16.13.tgz",
            "integrity": "sha512-qXpA1tzTnlkTku9yqtuRtS/wVntvE6f3m3GNxdTdtmc+O+Wcg9Xo2ABPMh7Nc0AHbMKzwvwgB2JnjZmlmJEObg==",
            "license": "MIT",
            "dependencies": {
                "@babel/runtime": "^7.7.2",
                "@jimp/utils": "^0.16.13",
                "any-base": "^1.1.0",
                "buffer": "^5.2.0",
                "exif-parser": "^0.1.12",
                "file-type": "^16.5.4",
                "load-bmfont": "^1.3.1",
                "mkdirp": "^0.5.1",
                "phin": "^2.9.1",
                "pixelmatch": "^4.0.2",
                "tinycolor2": "^1.4.1"
            }
        },
        "node_modules/@jimp/custom": {
            "version": "0.16.13",
            "resolved": "https://registry.npmjs.org/@jimp/custom/-/custom-0.16.13.tgz",
            "integrity": "sha512-LTATglVUPGkPf15zX1wTMlZ0+AU7cGEGF6ekVF1crA8eHUWsGjrYTB+Ht4E3HTrCok8weQG+K01rJndCp/l4XA==",
            "license": "MIT",
            "dependencies": {
                "@babel/runtime": "^7.7.2",
                "@jimp/core": "^0.16.13"
            }
        },
        "node_modules/@jimp/gif": {
            "version": "0.16.13",
            "resolved": "https://registry.npmjs.org/@jimp/gif/-/gif-0.16.13.tgz",
            "integrity": "sha512-yFAMZGv3o+YcjXilMWWwS/bv1iSqykFahFMSO169uVMtfQVfa90kt4/kDwrXNR6Q9i6VHpFiGZMlF2UnHClBvg==",
            "license": "MIT",
            "dependencies": {
                "@babel/runtime": "^7.7.2",
                "@jimp/utils": "^0.16.13",
                "gifwrap": "^0.9.2",
                "omggif": "^1.0.9"
            },
            "peerDependencies": {
                "@jimp/custom": ">=0.3.5"
            }
        },
        "node_modules/@jimp/jpeg": {
            "version": "0.16.13",
            "resolved": "https://registry.npmjs.org/@jimp/jpeg/-/jpeg-0.16.13.tgz",
            "integrity": "sha512-BJHlDxzTlCqP2ThqP8J0eDrbBfod7npWCbJAcfkKqdQuFk0zBPaZ6KKaQKyKxmWJ87Z6ohANZoMKEbtvrwz1AA==",
            "license": "MIT",
            "dependencies": {
                "@babel/runtime": "^7.7.2",
                "@jimp/utils": "^0.16.13",
                "jpeg-js": "^0.4.2"
            },
            "peerDependencies": {
                "@jimp/custom": ">=0.3.5"
            }
        },
        "node_modules/@jimp/plugin-blit": {
            "version": "0.16.13",
            "resolved": "https://registry.npmjs.org/@jimp/plugin-blit/-/plugin-blit-0.16.13.tgz",
            "integrity": "sha512-8Z1k96ZFxlhK2bgrY1JNWNwvaBeI/bciLM0yDOni2+aZwfIIiC7Y6PeWHTAvjHNjphz+XCt01WQmOYWCn0ML6g==",
            "license": "MIT",
            "dependencies": {
                "@babel/runtime": "^7.7.2",
                "@jimp/utils": "^0.16.13"
            },
            "peerDependencies": {
                "@jimp/custom": ">=0.3.5"
            }
        },
        "node_modules/@jimp/plugin-blur": {
            "version": "0.16.13",
            "resolved": "https://registry.npmjs.org/@jimp/plugin-blur/-/plugin-blur-0.16.13.tgz",
            "integrity": "sha512-PvLrfa8vkej3qinlebyhLpksJgCF5aiysDMSVhOZqwH5nQLLtDE9WYbnsofGw4r0VVpyw3H/ANCIzYTyCtP9Cg==",
            "license": "MIT",
            "dependencies": {
                "@babel/runtime": "^7.7.2",
                "@jimp/utils": "^0.16.13"
            },
            "peerDependencies": {
                "@jimp/custom": ">=0.3.5"
            }
        },
        "node_modules/@jimp/plugin-circle": {
            "version": "0.16.13",
            "resolved": "https://registry.npmjs.org/@jimp/plugin-circle/-/plugin-circle-0.16.13.tgz",
            "integrity": "sha512-RNave7EFgZrb5V5EpdvJGAEHMnDAJuwv05hKscNfIYxf0kR3KhViBTDy+MoTnMlIvaKFULfwIgaZWzyhuINMzA==",
            "license": "MIT",
            "dependencies": {
                "@babel/runtime": "^7.7.2",
                "@jimp/utils": "^0.16.13"
            },
            "peerDependencies": {
                "@jimp/custom": ">=0.3.5"
            }
        },
        "node_modules/@jimp/plugin-color": {
            "version": "0.16.13",
            "resolved": "https://registry.npmjs.org/@jimp/plugin-color/-/plugin-color-0.16.13.tgz",
            "integrity": "sha512-xW+9BtEvoIkkH/Wde9ql4nAFbYLkVINhpgAE7VcBUsuuB34WUbcBl/taOuUYQrPEFQJ4jfXiAJZ2H/rvKjCVnQ==",
            "license": "MIT",
            "dependencies": {
                "@babel/runtime": "^7.7.2",
                "@jimp/utils": "^0.16.13",
                "tinycolor2": "^1.4.1"
            },
            "peerDependencies": {
                "@jimp/custom": ">=0.3.5"
            }
        },
        "node_modules/@jimp/plugin-contain": {
            "version": "0.16.13",
            "resolved": "https://registry.npmjs.org/@jimp/plugin-contain/-/plugin-contain-0.16.13.tgz",
            "integrity": "sha512-QayTXw4tXMwU6q6acNTQrTTFTXpNRBe+MgTGMDU0lk+23PjlFCO/9sacflelG8lsp7vNHhAxFeHptDMAksEYzg==",
            "license": "MIT",
            "dependencies": {
                "@babel/runtime": "^7.7.2",
                "@jimp/utils": "^0.16.13"
            },
            "peerDependencies": {
                "@jimp/custom": ">=0.3.5",
                "@jimp/plugin-blit": ">=0.3.5",
                "@jimp/plugin-resize": ">=0.3.5",
                "@jimp/plugin-scale": ">=0.3.5"
            }
        },
        "node_modules/@jimp/plugin-cover": {
            "version": "0.16.13",
            "resolved": "https://registry.npmjs.org/@jimp/plugin-cover/-/plugin-cover-0.16.13.tgz",
            "integrity": "sha512-BSsP71GTNaqWRcvkbWuIVH+zK7b3TSNebbhDkFK0fVaUTzHuKMS/mgY4hDZIEVt7Rf5FjadAYtsujHN9w0iSYA==",
            "license": "MIT",
            "dependencies": {
                "@babel/runtime": "^7.7.2",
                "@jimp/utils": "^0.16.13"
            },
            "peerDependencies": {
                "@jimp/custom": ">=0.3.5",
                "@jimp/plugin-crop": ">=0.3.5",
                "@jimp/plugin-resize": ">=0.3.5",
                "@jimp/plugin-scale": ">=0.3.5"
            }
        },
        "node_modules/@jimp/plugin-crop": {
            "version": "0.16.13",
            "resolved": "https://registry.npmjs.org/@jimp/plugin-crop/-/plugin-crop-0.16.13.tgz",
            "integrity": "sha512-WEl2tPVYwzYL8OKme6Go2xqiWgKsgxlMwyHabdAU4tXaRwOCnOI7v4021gCcBb9zn/oWwguHuKHmK30Fw2Z/PA==",
            "license": "MIT",
            "dependencies": {
                "@babel/runtime": "^7.7.2",
                "@jimp/utils": "^0.16.13"
            },
            "peerDependencies": {
                "@jimp/custom": ">=0.3.5"
            }
        },
        "node_modules/@jimp/plugin-displace": {
            "version": "0.16.13",
            "resolved": "https://registry.npmjs.org/@jimp/plugin-displace/-/plugin-displace-0.16.13.tgz",
            "integrity": "sha512-qt9WKq8vWrcjySa9DyQ0x/RBMHQeiVjdVSY1SJsMjssPUf0pS74qorcuAkGi89biN3YoGUgPkpqECnAWnYwgGA==",
            "license": "MIT",
            "dependencies": {
                "@babel/runtime": "^7.7.2",
                "@jimp/utils": "^0.16.13"
            },
            "peerDependencies": {
                "@jimp/custom": ">=0.3.5"
            }
        },
        "node_modules/@jimp/plugin-dither": {
            "version": "0.16.13",
            "resolved": "https://registry.npmjs.org/@jimp/plugin-dither/-/plugin-dither-0.16.13.tgz",
            "integrity": "sha512-5/N3yJggbWQTlGZHQYJPmQXEwR52qaXjEzkp1yRBbtdaekXE3BG/suo0fqeoV/csf8ooI78sJzYmIrxNoWVtgQ==",
            "license": "MIT",
            "dependencies": {
                "@babel/runtime": "^7.7.2",
                "@jimp/utils": "^0.16.13"
            },
            "peerDependencies": {
                "@jimp/custom": ">=0.3.5"
            }
        },
        "node_modules/@jimp/plugin-fisheye": {
            "version": "0.16.13",
            "resolved": "https://registry.npmjs.